
Microsoft Visual Studio Solution File, Format Version 12.00
# Visual Studio 2013
VisualStudioVersion = 12.0.30723.0
MinimumVisualStudioVersion = 10.0.40219.1
Project("{FAE04EC0-301F-11D3-BF4B-00C04F79EFBC}") = "VSA_Begraafplaats", "VSA_Begraafplaats\VSA_Begraafplaats.csproj", "{E34D7054-B222-4BE0-B76C-F0355542E8AD}"
EndProject
Project("{FAE04EC0-301F-11D3-BF4B-00C04F79EFBC}") = "Klassenlaag", "Klassenlaag\Klassenlaag.csproj", "{2F86C154-6515-41CD-81EE-EFCCB1894D45}"
EndProject
Project("{FAE04EC0-301F-11D3-BF4B-00C04F79EFBC}") = "DataAccess", "DataAccess\DataAccess.csproj", "{53D86E9E-6A07-4B3E-B58F-716A906B41EC}"
EndProject
Project("{FAE04EC0-301F-11D3-BF4B-00C04F79EFBC}") = "Database", "Database\Database.csproj", "{55973BAC-F53A-4F93-A559-B047C9786AE7}"
EndProject
Project("{FAE04EC0-301F-11D3-BF4B-00C04F79EFBC}") = "VSA_Begraafplaats_UnitTests", "VSA_Begraafplaats_UnitTest\VSA_Begraafplaats_UnitTests.csproj", "{51E7B8B5-E79B-42CD-9B52-08E06C851C53}"
EndProject
Global
	GlobalSection(SolutionConfigurationPlatforms) = preSolution
		Debug|Any CPU = Debug|Any CPU
		Release|Any CPU = Release|Any CPU
	EndGlobalSection
	GlobalSection(ProjectConfigurationPlatforms) = postSolution
		{E34D7054-B222-4BE0-B76C-F0355542E8AD}.Debug|Any CPU.ActiveCfg = Debug|Any CPU
		{E34D7054-B222-4BE0-B76C-F0355542E8AD}.Debug|Any CPU.Build.0 = Debug|Any CPU
		{E34D7054-B222-4BE0-B76C-F0355542E8AD}.Release|Any CPU.ActiveCfg = Release|Any CPU
		{E34D7054-B222-4BE0-B76C-F0355542E8AD}.Release|Any CPU.Build.0 = Release|Any CPU
		{2F86C154-6515-41CD-81EE-EFCCB1894D45}.Debug|Any CPU.ActiveCfg = Debug|Any CPU
		{2F86C154-6515-41CD-81EE-EFCCB1894D45}.Debug|Any CPU.Build.0 = Debug|Any CPU
		{2F86C154-6515-41CD-81EE-EFCCB1894D45}.Release|Any CPU.ActiveCfg = Release|Any CPU
		{2F86C154-6515-41CD-81EE-EFCCB1894D45}.Release|Any CPU.Build.0 = Release|Any CPU
		{53D86E9E-6A07-4B3E-B58F-716A906B41EC}.Debug|Any CPU.ActiveCfg = Debug|Any CPU
		{53D86E9E-6A07-4B3E-B58F-716A906B41EC}.Debug|Any CPU.Build.0 = Debug|Any CPU
		{53D86E9E-6A07-4B3E-B58F-716A906B41EC}.Release|Any CPU.ActiveCfg = Release|Any CPU
		{53D86E9E-6A07-4B3E-B58F-716A906B41EC}.Release|Any CPU.Build.0 = Release|Any CPU
		{55973BAC-F53A-4F93-A559-B047C9786AE7}.Debug|Any CPU.ActiveCfg = Debug|Any CPU
		{55973BAC-F53A-4F93-A559-B047C9786AE7}.Debug|Any CPU.Build.0 = Debug|Any CPU
		{55973BAC-F53A-4F93-A559-B047C9786AE7}.Release|Any CPU.ActiveCfg = Release|Any CPU
		{55973BAC-F53A-4F93-A559-B047C9786AE7}.Release|Any CPU.Build.0 = Release|Any CPU
		{51E7B8B5-E79B-42CD-9B52-08E06C851C53}.Debug|Any CPU.ActiveCfg = Debug|Any CPU
		{51E7B8B5-E79B-42CD-9B52-08E06C851C53}.Debug|Any CPU.Build.0 = Debug|Any CPU
		{51E7B8B5-E79B-42CD-9B52-08E06C851C53}.Release|Any CPU.ActiveCfg = Release|Any CPU
		{51E7B8B5-E79B-42CD-9B52-08E06C851C53}.Release|Any CPU.Build.0 = Release|Any CPU
	EndGlobalSection
	GlobalSection(SolutionProperties) = preSolution
		HideSolutionNode = FALSE
	EndGlobalSection
EndGlobal
